// !$*UTF8*$!
{
	archiveVersion = 1;
	classes = {
	};
	objectVersion = 50;
	objects = {

/* Begin PBXBuildFile section */
		2B02B91121533F46004FC66E /* LOTsColor.swift in Sources */ = {isa = PBXBuildFile; fileRef = 2B02B91021533F46004FC66E /* LOTsColor.swift */; };
		2B02B91421534202004FC66E /* PostViewController.swift in Sources */ = {isa = PBXBuildFile; fileRef = 2B02B91321534202004FC66E /* PostViewController.swift */; };
		2B02B9182153485B004FC66E /* PostTableViewCell.swift in Sources */ = {isa = PBXBuildFile; fileRef = 2B02B9162153485B004FC66E /* PostTableViewCell.swift */; };
		2B02B9192153485B004FC66E /* PostTableViewCell.xib in Resources */ = {isa = PBXBuildFile; fileRef = 2B02B9172153485B004FC66E /* PostTableViewCell.xib */; };
		2B191DA5215644BA006A2AC1 /* PostViewController+handler.swift in Sources */ = {isa = PBXBuildFile; fileRef = 2B191DA4215644BA006A2AC1 /* PostViewController+handler.swift */; };
		2B191DA7215A36F9006A2AC1 /* LoginViewController.swift in Sources */ = {isa = PBXBuildFile; fileRef = 2B191DA6215A36F9006A2AC1 /* LoginViewController.swift */; };
		2B2AF69B21704E0A002A2748 /* loading_2.json in Resources */ = {isa = PBXBuildFile; fileRef = 2B2AF69A21704E0A002A2748 /* loading_2.json */; };
		2B2AF6A521707DAF002A2748 /* lunch_time.json in Resources */ = {isa = PBXBuildFile; fileRef = 2B2AF6A421707DAE002A2748 /* lunch_time.json */; };
		2B2AF6A8217092B0002A2748 /* profile.json in Resources */ = {isa = PBXBuildFile; fileRef = 2B2AF6A7217092B0002A2748 /* profile.json */; };
		2B2AF6AA2170950C002A2748 /* list.json in Resources */ = {isa = PBXBuildFile; fileRef = 2B2AF6A92170950C002A2748 /* list.json */; };
		2B2AF6AC2170C4A7002A2748 /* user.json in Resources */ = {isa = PBXBuildFile; fileRef = 2B2AF6AB2170C4A6002A2748 /* user.json */; };
		2B42E712215CDCF500BB0F86 /* InspireViewController copy.swift in Sources */ = {isa = PBXBuildFile; fileRef = 2B42E711215CDCF500BB0F86 /* InspireViewController copy.swift */; };
		2B42E715215CDF3500BB0F86 /* TypeCollectionViewCell.swift in Sources */ = {isa = PBXBuildFile; fileRef = 2B42E713215CDF3500BB0F86 /* TypeCollectionViewCell.swift */; };
		2B42E716215CDF3500BB0F86 /* TypeCollectionViewCell.xib in Resources */ = {isa = PBXBuildFile; fileRef = 2B42E714215CDF3500BB0F86 /* TypeCollectionViewCell.xib */; };
		2B42E718215E4CAB00BB0F86 /* InspireCollectionViewLayout.swift in Sources */ = {isa = PBXBuildFile; fileRef = 2B42E717215E4CAB00BB0F86 /* InspireCollectionViewLayout.swift */; };
		2B5699CD2154C04900D122B4 /* iOSDropDown.framework in Frameworks */ = {isa = PBXBuildFile; fileRef = 2B5699CC2154C04900D122B4 /* iOSDropDown.framework */; };
		2B8303682151EEE8006E2522 /* AppDelegate.swift in Sources */ = {isa = PBXBuildFile; fileRef = 2B8303672151EEE8006E2522 /* AppDelegate.swift */; };
		2B83036D2151EEE8006E2522 /* Main.storyboard in Resources */ = {isa = PBXBuildFile; fileRef = 2B83036B2151EEE8006E2522 /* Main.storyboard */; };
		2B83036F2151EEEA006E2522 /* Assets.xcassets in Resources */ = {isa = PBXBuildFile; fileRef = 2B83036E2151EEEA006E2522 /* Assets.xcassets */; };
		2B8303722151EEEA006E2522 /* LaunchScreen.storyboard in Resources */ = {isa = PBXBuildFile; fileRef = 2B8303702151EEEA006E2522 /* LaunchScreen.storyboard */; };
		2B83037A2151F298006E2522 /* NavigationController.swift in Sources */ = {isa = PBXBuildFile; fileRef = 2B8303792151F298006E2522 /* NavigationController.swift */; };
		2B83037C2152024D006E2522 /* MainViewController.swift in Sources */ = {isa = PBXBuildFile; fileRef = 2B83037B2152024D006E2522 /* MainViewController.swift */; };
		2B8303852152295F006E2522 /* MainCell.swift in Sources */ = {isa = PBXBuildFile; fileRef = 2B8303842152295F006E2522 /* MainCell.swift */; };
		2B83038721524275006E2522 /* MainLayout.swift in Sources */ = {isa = PBXBuildFile; fileRef = 2B83038621524275006E2522 /* MainLayout.swift */; };
		2B86435D2162252900D39812 /* UIKit+Effect.swift in Sources */ = {isa = PBXBuildFile; fileRef = 2B86435C2162252900D39812 /* UIKit+Effect.swift */; };
		2BBFA63C216310B500A31D58 /* Category.swift in Sources */ = {isa = PBXBuildFile; fileRef = 2BBFA63B216310B500A31D58 /* Category.swift */; };
		2BD77FE02174716400C378F7 /* UserViewController.swift in Sources */ = {isa = PBXBuildFile; fileRef = 2BD77FDF2174716300C378F7 /* UserViewController.swift */; };
		2BDD665D2155079700E3C74A /* GoogleService-Info.plist in Resources */ = {isa = PBXBuildFile; fileRef = 2BDD665C2155079700E3C74A /* GoogleService-Info.plist */; };
		2BDD665F2155173400E3C74A /* Article.swift in Sources */ = {isa = PBXBuildFile; fileRef = 2BDD665E2155173400E3C74A /* Article.swift */; };
		2BE27EEC215B76B3005387A4 /* LikeCollectionViewCell.swift in Sources */ = {isa = PBXBuildFile; fileRef = 2BE27EEA215B76B3005387A4 /* LikeCollectionViewCell.swift */; };
		2BE27EED215B76B3005387A4 /* LikeCollectionViewCell.xib in Resources */ = {isa = PBXBuildFile; fileRef = 2BE27EEB215B76B3005387A4 /* LikeCollectionViewCell.xib */; };
		2BE27EF0215B788C005387A4 /* LikeViewController.swift in Sources */ = {isa = PBXBuildFile; fileRef = 2BE27EEF215B788C005387A4 /* LikeViewController.swift */; };
		2BE27EF5215B9B87005387A4 /* LikeDetailTableViewCell.swift in Sources */ = {isa = PBXBuildFile; fileRef = 2BE27EF3215B9B87005387A4 /* LikeDetailTableViewCell.swift */; };
		2BE27EF6215B9B87005387A4 /* LikeDetailTableViewCell.xib in Resources */ = {isa = PBXBuildFile; fileRef = 2BE27EF4215B9B87005387A4 /* LikeDetailTableViewCell.xib */; };
		2BE27EF8215BAC5A005387A4 /* LikeDetailViewController.swift in Sources */ = {isa = PBXBuildFile; fileRef = 2BE27EF7215BAC5A005387A4 /* LikeDetailViewController.swift */; };
		2BE27EFB215BC1EB005387A4 /* ProfileTableViewCell.swift in Sources */ = {isa = PBXBuildFile; fileRef = 2BE27EF9215BC1EB005387A4 /* ProfileTableViewCell.swift */; };
		2BE27EFC215BC1EB005387A4 /* ProfileTableViewCell.xib in Resources */ = {isa = PBXBuildFile; fileRef = 2BE27EFA215BC1EB005387A4 /* ProfileTableViewCell.xib */; };
		2BE27EFF215BC93F005387A4 /* ProfileViewController.swift in Sources */ = {isa = PBXBuildFile; fileRef = 2BE27EFE215BC93F005387A4 /* ProfileViewController.swift */; };
		2BE27F02215BD475005387A4 /* ProfileCollectionViewCell.swift in Sources */ = {isa = PBXBuildFile; fileRef = 2BE27F00215BD475005387A4 /* ProfileCollectionViewCell.swift */; };
		2BE27F03215BD475005387A4 /* ProfileCollectionViewCell.xib in Resources */ = {isa = PBXBuildFile; fileRef = 2BE27F01215BD475005387A4 /* ProfileCollectionViewCell.xib */; };
		2BE27F05215C8339005387A4 /* DetailViewController.swift in Sources */ = {isa = PBXBuildFile; fileRef = 2BE27F04215C8339005387A4 /* DetailViewController.swift */; };
		2BE27F08215C8357005387A4 /* DetailATableViewCell.swift in Sources */ = {isa = PBXBuildFile; fileRef = 2BE27F06215C8357005387A4 /* DetailATableViewCell.swift */; };
		2BE27F09215C8357005387A4 /* DetailATableViewCell.xib in Resources */ = {isa = PBXBuildFile; fileRef = 2BE27F07215C8357005387A4 /* DetailATableViewCell.xib */; };
		2BE27F0C215C8369005387A4 /* DetailBTableViewCell.swift in Sources */ = {isa = PBXBuildFile; fileRef = 2BE27F0A215C8369005387A4 /* DetailBTableViewCell.swift */; };
		2BE27F0D215C8369005387A4 /* DetailBTableViewCell.xib in Resources */ = {isa = PBXBuildFile; fileRef = 2BE27F0B215C8369005387A4 /* DetailBTableViewCell.xib */; };
		2BE27F10215C8378005387A4 /* DetailCTableViewCell.swift in Sources */ = {isa = PBXBuildFile; fileRef = 2BE27F0E215C8378005387A4 /* DetailCTableViewCell.swift */; };
		2BE27F11215C8378005387A4 /* DetailCTableViewCell.xib in Resources */ = {isa = PBXBuildFile; fileRef = 2BE27F0F215C8378005387A4 /* DetailCTableViewCell.xib */; };
		2BF8957921539A5D0096C7EC /* ContentTableViewCell.swift in Sources */ = {isa = PBXBuildFile; fileRef = 2BF8957721539A5D0096C7EC /* ContentTableViewCell.swift */; };
		2BF8957A21539A5D0096C7EC /* ContentTableViewCell.xib in Resources */ = {isa = PBXBuildFile; fileRef = 2BF8957821539A5D0096C7EC /* ContentTableViewCell.xib */; };
		2CD5213A38080600EEA2E24B /* Pods_LOTs.framework in Frameworks */ = {isa = PBXBuildFile; fileRef = 46B4ADAFBD9FBB343B63DBD6 /* Pods_LOTs.framework */; };
/* End PBXBuildFile section */

/* Begin PBXFileReference section */
		0E6689D9CC16FEA2CE4B93B0 /* Pods-LOTs.release.xcconfig */ = {isa = PBXFileReference; includeInIndex = 1; lastKnownFileType = text.xcconfig; name = "Pods-LOTs.release.xcconfig"; path = "Pods/Target Support Files/Pods-LOTs/Pods-LOTs.release.xcconfig"; sourceTree = "<group>"; };
		2B02B91021533F46004FC66E /* LOTsColor.swift */ = {isa = PBXFileReference; lastKnownFileType = sourcecode.swift; path = LOTsColor.swift; sourceTree = "<group>"; };
		2B02B91321534202004FC66E /* PostViewController.swift */ = {isa = PBXFileReference; lastKnownFileType = sourcecode.swift; path = PostViewController.swift; sourceTree = "<group>"; };
		2B02B9162153485B004FC66E /* PostTableViewCell.swift */ = {isa = PBXFileReference; lastKnownFileType = sourcecode.swift; path = PostTableViewCell.swift; sourceTree = "<group>"; };
		2B02B9172153485B004FC66E /* PostTableViewCell.xib */ = {isa = PBXFileReference; lastKnownFileType = file.xib; path = PostTableViewCell.xib; sourceTree = "<group>"; };
		2B191DA4215644BA006A2AC1 /* PostViewController+handler.swift */ = {isa = PBXFileReference; lastKnownFileType = sourcecode.swift; path = "PostViewController+handler.swift"; sourceTree = "<group>"; };
		2B191DA6215A36F9006A2AC1 /* LoginViewController.swift */ = {isa = PBXFileReference; lastKnownFileType = sourcecode.swift; path = LoginViewController.swift; sourceTree = "<group>"; };
		2B2AF69A21704E0A002A2748 /* loading_2.json */ = {isa = PBXFileReference; fileEncoding = 4; lastKnownFileType = text.json; name = loading_2.json; path = ../../../../../../../Downloads/loading_2.json; sourceTree = "<group>"; };
		2B2AF6A421707DAE002A2748 /* lunch_time.json */ = {isa = PBXFileReference; fileEncoding = 4; lastKnownFileType = text.json; path = lunch_time.json; sourceTree = "<group>"; };
		2B2AF6A7217092B0002A2748 /* profile.json */ = {isa = PBXFileReference; fileEncoding = 4; lastKnownFileType = text.json; path = profile.json; sourceTree = "<group>"; };
		2B2AF6A92170950C002A2748 /* list.json */ = {isa = PBXFileReference; fileEncoding = 4; lastKnownFileType = text.json; name = list.json; path = ../../../../../../../Downloads/list.json; sourceTree = "<group>"; };
		2B2AF6AB2170C4A6002A2748 /* user.json */ = {isa = PBXFileReference; fileEncoding = 4; lastKnownFileType = text.json; name = user.json; path = ../../../../../../../Downloads/user.json; sourceTree = "<group>"; };
		2B42E711215CDCF500BB0F86 /* InspireViewController copy.swift */ = {isa = PBXFileReference; fileEncoding = 4; lastKnownFileType = sourcecode.swift; path = "InspireViewController copy.swift"; sourceTree = "<group>"; };
		2B42E713215CDF3500BB0F86 /* TypeCollectionViewCell.swift */ = {isa = PBXFileReference; lastKnownFileType = sourcecode.swift; path = TypeCollectionViewCell.swift; sourceTree = "<group>"; };
		2B42E714215CDF3500BB0F86 /* TypeCollectionViewCell.xib */ = {isa = PBXFileReference; lastKnownFileType = file.xib; path = TypeCollectionViewCell.xib; sourceTree = "<group>"; };
		2B42E717215E4CAB00BB0F86 /* InspireCollectionViewLayout.swift */ = {isa = PBXFileReference; lastKnownFileType = sourcecode.swift; path = InspireCollectionViewLayout.swift; sourceTree = "<group>"; };
		2B5699CC2154C04900D122B4 /* iOSDropDown.framework */ = {isa = PBXFileReference; explicitFileType = wrapper.framework; path = iOSDropDown.framework; sourceTree = BUILT_PRODUCTS_DIR; };
		2B8303642151EEE8006E2522 /* LOTs.app */ = {isa = PBXFileReference; explicitFileType = wrapper.application; includeInIndex = 0; path = LOTs.app; sourceTree = BUILT_PRODUCTS_DIR; };
		2B8303672151EEE8006E2522 /* AppDelegate.swift */ = {isa = PBXFileReference; lastKnownFileType = sourcecode.swift; path = AppDelegate.swift; sourceTree = "<group>"; };
		2B83036C2151EEE8006E2522 /* Base */ = {isa = PBXFileReference; lastKnownFileType = file.storyboard; name = Base; path = Base.lproj/Main.storyboard; sourceTree = "<group>"; };
		2B83036E2151EEEA006E2522 /* Assets.xcassets */ = {isa = PBXFileReference; lastKnownFileType = folder.assetcatalog; path = Assets.xcassets; sourceTree = "<group>"; };
		2B8303712151EEEA006E2522 /* Base */ = {isa = PBXFileReference; lastKnownFileType = file.storyboard; name = Base; path = Base.lproj/LaunchScreen.storyboard; sourceTree = "<group>"; };
		2B8303732151EEEA006E2522 /* Info.plist */ = {isa = PBXFileReference; lastKnownFileType = text.plist.xml; path = Info.plist; sourceTree = "<group>"; };
		2B8303792151F298006E2522 /* NavigationController.swift */ = {isa = PBXFileReference; lastKnownFileType = sourcecode.swift; path = NavigationController.swift; sourceTree = "<group>"; };
		2B83037B2152024D006E2522 /* MainViewController.swift */ = {isa = PBXFileReference; lastKnownFileType = sourcecode.swift; path = MainViewController.swift; sourceTree = "<group>"; };
		2B8303842152295F006E2522 /* MainCell.swift */ = {isa = PBXFileReference; lastKnownFileType = sourcecode.swift; path = MainCell.swift; sourceTree = "<group>"; };
		2B83038621524275006E2522 /* MainLayout.swift */ = {isa = PBXFileReference; lastKnownFileType = sourcecode.swift; path = MainLayout.swift; sourceTree = "<group>"; };
		2B86435C2162252900D39812 /* UIKit+Effect.swift */ = {isa = PBXFileReference; lastKnownFileType = sourcecode.swift; path = "UIKit+Effect.swift"; sourceTree = "<group>"; };
		2BBFA63B216310B500A31D58 /* Category.swift */ = {isa = PBXFileReference; lastKnownFileType = sourcecode.swift; path = Category.swift; sourceTree = "<group>"; };
		2BD77FDF2174716300C378F7 /* UserViewController.swift */ = {isa = PBXFileReference; lastKnownFileType = sourcecode.swift; path = UserViewController.swift; sourceTree = "<group>"; };
		2BDD665C2155079700E3C74A /* GoogleService-Info.plist */ = {isa = PBXFileReference; fileEncoding = 4; lastKnownFileType = text.plist.xml; path = "GoogleService-Info.plist"; sourceTree = "<group>"; };
		2BDD665E2155173400E3C74A /* Article.swift */ = {isa = PBXFileReference; lastKnownFileType = sourcecode.swift; path = Article.swift; sourceTree = "<group>"; };
		2BE27EEA215B76B3005387A4 /* LikeCollectionViewCell.swift */ = {isa = PBXFileReference; lastKnownFileType = sourcecode.swift; path = LikeCollectionViewCell.swift; sourceTree = "<group>"; };
		2BE27EEB215B76B3005387A4 /* LikeCollectionViewCell.xib */ = {isa = PBXFileReference; lastKnownFileType = file.xib; path = LikeCollectionViewCell.xib; sourceTree = "<group>"; };
		2BE27EEF215B788C005387A4 /* LikeViewController.swift */ = {isa = PBXFileReference; lastKnownFileType = sourcecode.swift; path = LikeViewController.swift; sourceTree = "<group>"; };
		2BE27EF3215B9B87005387A4 /* LikeDetailTableViewCell.swift */ = {isa = PBXFileReference; lastKnownFileType = sourcecode.swift; path = LikeDetailTableViewCell.swift; sourceTree = "<group>"; };
		2BE27EF4215B9B87005387A4 /* LikeDetailTableViewCell.xib */ = {isa = PBXFileReference; lastKnownFileType = file.xib; path = LikeDetailTableViewCell.xib; sourceTree = "<group>"; };
		2BE27EF7215BAC5A005387A4 /* LikeDetailViewController.swift */ = {isa = PBXFileReference; lastKnownFileType = sourcecode.swift; path = LikeDetailViewController.swift; sourceTree = "<group>"; };
		2BE27EF9215BC1EB005387A4 /* ProfileTableViewCell.swift */ = {isa = PBXFileReference; lastKnownFileType = sourcecode.swift; path = ProfileTableViewCell.swift; sourceTree = "<group>"; };
		2BE27EFA215BC1EB005387A4 /* ProfileTableViewCell.xib */ = {isa = PBXFileReference; lastKnownFileType = file.xib; path = ProfileTableViewCell.xib; sourceTree = "<group>"; };
		2BE27EFE215BC93F005387A4 /* ProfileViewController.swift */ = {isa = PBXFileReference; lastKnownFileType = sourcecode.swift; path = ProfileViewController.swift; sourceTree = "<group>"; };
		2BE27F00215BD475005387A4 /* ProfileCollectionViewCell.swift */ = {isa = PBXFileReference; lastKnownFileType = sourcecode.swift; path = ProfileCollectionViewCell.swift; sourceTree = "<group>"; };
		2BE27F01215BD475005387A4 /* ProfileCollectionViewCell.xib */ = {isa = PBXFileReference; lastKnownFileType = file.xib; path = ProfileCollectionViewCell.xib; sourceTree = "<group>"; };
		2BE27F04215C8339005387A4 /* DetailViewController.swift */ = {isa = PBXFileReference; lastKnownFileType = sourcecode.swift; path = DetailViewController.swift; sourceTree = "<group>"; };
		2BE27F06215C8357005387A4 /* DetailATableViewCell.swift */ = {isa = PBXFileReference; lastKnownFileType = sourcecode.swift; path = DetailATableViewCell.swift; sourceTree = "<group>"; };
		2BE27F07215C8357005387A4 /* DetailATableViewCell.xib */ = {isa = PBXFileReference; lastKnownFileType = file.xib; path = DetailATableViewCell.xib; sourceTree = "<group>"; };
		2BE27F0A215C8369005387A4 /* DetailBTableViewCell.swift */ = {isa = PBXFileReference; lastKnownFileType = sourcecode.swift; path = DetailBTableViewCell.swift; sourceTree = "<group>"; };
		2BE27F0B215C8369005387A4 /* DetailBTableViewCell.xib */ = {isa = PBXFileReference; lastKnownFileType = file.xib; path = DetailBTableViewCell.xib; sourceTree = "<group>"; };
		2BE27F0E215C8378005387A4 /* DetailCTableViewCell.swift */ = {isa = PBXFileReference; lastKnownFileType = sourcecode.swift; path = DetailCTableViewCell.swift; sourceTree = "<group>"; };
		2BE27F0F215C8378005387A4 /* DetailCTableViewCell.xib */ = {isa = PBXFileReference; lastKnownFileType = file.xib; path = DetailCTableViewCell.xib; sourceTree = "<group>"; };
		2BF8957721539A5D0096C7EC /* ContentTableViewCell.swift */ = {isa = PBXFileReference; lastKnownFileType = sourcecode.swift; path = ContentTableViewCell.swift; sourceTree = "<group>"; };
		2BF8957821539A5D0096C7EC /* ContentTableViewCell.xib */ = {isa = PBXFileReference; lastKnownFileType = file.xib; path = ContentTableViewCell.xib; sourceTree = "<group>"; };
		2DE5A7C64ED39736B7C8ECA7 /* Pods-LOTs.debug.xcconfig */ = {isa = PBXFileReference; includeInIndex = 1; lastKnownFileType = text.xcconfig; name = "Pods-LOTs.debug.xcconfig"; path = "Pods/Target Support Files/Pods-LOTs/Pods-LOTs.debug.xcconfig"; sourceTree = "<group>"; };
		46B4ADAFBD9FBB343B63DBD6 /* Pods_LOTs.framework */ = {isa = PBXFileReference; explicitFileType = wrapper.framework; includeInIndex = 0; path = Pods_LOTs.framework; sourceTree = BUILT_PRODUCTS_DIR; };
/* End PBXFileReference section */

/* Begin PBXFrameworksBuildPhase section */
		2B8303612151EEE8006E2522 /* Frameworks */ = {
			isa = PBXFrameworksBuildPhase;
			buildActionMask = 2147483647;
			files = (
				2B5699CD2154C04900D122B4 /* iOSDropDown.framework in Frameworks */,
				2CD5213A38080600EEA2E24B /* Pods_LOTs.framework in Frameworks */,
			);
			runOnlyForDeploymentPostprocessing = 0;
		};
/* End PBXFrameworksBuildPhase section */

/* Begin PBXGroup section */
		2B02B91221533FD0004FC66E /* Support */ = {
			isa = PBXGroup;
			children = (
				2B02B91021533F46004FC66E /* LOTsColor.swift */,
			);
			path = Support;
			sourceTree = "<group>";
		};
		2B02B9152153420B004FC66E /* Post */ = {
			isa = PBXGroup;
			children = (
				2B02B91321534202004FC66E /* PostViewController.swift */,
				2B191DA4215644BA006A2AC1 /* PostViewController+handler.swift */,
			);
			path = Post;
			sourceTree = "<group>";
		};
		2B191DA8215A36FE006A2AC1 /* Login */ = {
			isa = PBXGroup;
			children = (
				2B191DA6215A36F9006A2AC1 /* LoginViewController.swift */,
			);
			path = Login;
			sourceTree = "<group>";
		};
		2B2AF69921704DE6002A2748 /* Animation */ = {
			isa = PBXGroup;
			children = (
				2B2AF6AB2170C4A6002A2748 /* user.json */,
				2B2AF69A21704E0A002A2748 /* loading_2.json */,
				2B2AF6A92170950C002A2748 /* list.json */,
				2B2AF6A7217092B0002A2748 /* profile.json */,
				2B2AF6A421707DAE002A2748 /* lunch_time.json */,
			);
			path = Animation;
			sourceTree = "<group>";
		};
		2B42E710215CDCD000BB0F86 /* Inspire */ = {
			isa = PBXGroup;
			children = (
				2B42E711215CDCF500BB0F86 /* InspireViewController copy.swift */,
			);
			name = Inspire;
			path = ../..;
			sourceTree = "<group>";
		};
		2B83035B2151EEE8006E2522 = {
			isa = PBXGroup;
			children = (
				2B8303662151EEE8006E2522 /* LOTs */,
				2B8303652151EEE8006E2522 /* Products */,
				907F05821587F63CE758B152 /* Pods */,
				59487238377968153652FD2E /* Frameworks */,
			);
			sourceTree = "<group>";
		};
		2B8303652151EEE8006E2522 /* Products */ = {
			isa = PBXGroup;
			children = (
				2B8303642151EEE8006E2522 /* LOTs.app */,
			);
			name = Products;
			sourceTree = "<group>";
		};
		2B8303662151EEE8006E2522 /* LOTs */ = {
			isa = PBXGroup;
			children = (
				2B8303672151EEE8006E2522 /* AppDelegate.swift */,
				2B8303792151F298006E2522 /* NavigationController.swift */,
				2B83036B2151EEE8006E2522 /* Main.storyboard */,
				2B86434D2162104800D39812 /* Model */,
				2B86434F2162107900D39812 /* Controller */,
				2B86434E2162107000D39812 /* View */,
				2B02B91221533FD0004FC66E /* Support */,
				2B2AF69921704DE6002A2748 /* Animation */,
				2B8643592162160D00D39812 /* Extension */,
				2B83036E2151EEEA006E2522 /* Assets.xcassets */,
				2B8303702151EEEA006E2522 /* LaunchScreen.storyboard */,
				2B8303732151EEEA006E2522 /* Info.plist */,
				2BDD665C2155079700E3C74A /* GoogleService-Info.plist */,
			);
			path = LOTs;
			sourceTree = "<group>";
		};
		2B83037F21521C51006E2522 /* Main */ = {
			isa = PBXGroup;
			children = (
				2B83037B2152024D006E2522 /* MainViewController.swift */,
			);
			path = Main;
			sourceTree = "<group>";
		};
		2B86434D2162104800D39812 /* Model */ = {
			isa = PBXGroup;
			children = (
				2BBFA63B216310B500A31D58 /* Category.swift */,
				2BDD665E2155173400E3C74A /* Article.swift */,
			);
			path = Model;
			sourceTree = "<group>";
		};
		2B86434E2162107000D39812 /* View */ = {
			isa = PBXGroup;
			children = (
				2BD77FE12174717300C378F7 /* User */,
				2B864354216211F200D39812 /* Main */,
				2B864353216211D700D39812 /* MainCell */,
				2B8643552162124800D39812 /* Inspire */,
				2B8643562162130200D39812 /* InspireCell */,
				2B864350216210E000D39812 /* PostViewCell */,
				2B8643572162136E00D39812 /* ProfileCell */,
				2B8643582162139B00D39812 /* DetailCell */,
				2B8643512162117600D39812 /* LikeCell */,
				2B8643522162118D00D39812 /* LikeDetailCell */,
			);
			path = View;
			sourceTree = "<group>";
		};
		2B86434F2162107900D39812 /* Controller */ = {
			isa = PBXGroup;
			children = (
				2BE27F12215C837E005387A4 /* Detail */,
				2BE27EFD215BC1F0005387A4 /* Profile */,
				2B42E710215CDCD000BB0F86 /* Inspire */,
				2B83037F21521C51006E2522 /* Main */,
				2BE27EEE215B76B9005387A4 /* Like */,
				2B02B9152153420B004FC66E /* Post */,
				2B191DA8215A36FE006A2AC1 /* Login */,
			);
			path = Controller;
			sourceTree = "<group>";
		};
		2B864350216210E000D39812 /* PostViewCell */ = {
			isa = PBXGroup;
			children = (
				2B02B9162153485B004FC66E /* PostTableViewCell.swift */,
				2B02B9172153485B004FC66E /* PostTableViewCell.xib */,
				2BF8957721539A5D0096C7EC /* ContentTableViewCell.swift */,
				2BF8957821539A5D0096C7EC /* ContentTableViewCell.xib */,
			);
			path = PostViewCell;
			sourceTree = "<group>";
		};
		2B8643512162117600D39812 /* LikeCell */ = {
			isa = PBXGroup;
			children = (
				2BE27EEA215B76B3005387A4 /* LikeCollectionViewCell.swift */,
				2BE27EEB215B76B3005387A4 /* LikeCollectionViewCell.xib */,
			);
			path = LikeCell;
			sourceTree = "<group>";
		};
		2B8643522162118D00D39812 /* LikeDetailCell */ = {
			isa = PBXGroup;
			children = (
				2BE27EF3215B9B87005387A4 /* LikeDetailTableViewCell.swift */,
				2BE27EF4215B9B87005387A4 /* LikeDetailTableViewCell.xib */,
			);
			path = LikeDetailCell;
			sourceTree = "<group>";
		};
		2B864353216211D700D39812 /* MainCell */ = {
			isa = PBXGroup;
			children = (
				2B8303842152295F006E2522 /* MainCell.swift */,
			);
			path = MainCell;
			sourceTree = "<group>";
		};
		2B864354216211F200D39812 /* Main */ = {
			isa = PBXGroup;
			children = (
				2B83038621524275006E2522 /* MainLayout.swift */,
			);
			path = Main;
			sourceTree = "<group>";
		};
		2B8643552162124800D39812 /* Inspire */ = {
			isa = PBXGroup;
			children = (
				2B42E717215E4CAB00BB0F86 /* InspireCollectionViewLayout.swift */,
			);
			path = Inspire;
			sourceTree = "<group>";
		};
		2B8643562162130200D39812 /* InspireCell */ = {
			isa = PBXGroup;
			children = (
				2B42E713215CDF3500BB0F86 /* TypeCollectionViewCell.swift */,
				2B42E714215CDF3500BB0F86 /* TypeCollectionViewCell.xib */,
			);
			path = InspireCell;
			sourceTree = "<group>";
		};
		2B8643572162136E00D39812 /* ProfileCell */ = {
			isa = PBXGroup;
			children = (
				2BE27EF9215BC1EB005387A4 /* ProfileTableViewCell.swift */,
				2BE27EFA215BC1EB005387A4 /* ProfileTableViewCell.xib */,
				2BE27F00215BD475005387A4 /* ProfileCollectionViewCell.swift */,
				2BE27F01215BD475005387A4 /* ProfileCollectionViewCell.xib */,
			);
			path = ProfileCell;
			sourceTree = "<group>";
		};
		2B8643582162139B00D39812 /* DetailCell */ = {
			isa = PBXGroup;
			children = (
				2BE27F06215C8357005387A4 /* DetailATableViewCell.swift */,
				2BE27F07215C8357005387A4 /* DetailATableViewCell.xib */,
				2BE27F0A215C8369005387A4 /* DetailBTableViewCell.swift */,
				2BE27F0B215C8369005387A4 /* DetailBTableViewCell.xib */,
				2BE27F0E215C8378005387A4 /* DetailCTableViewCell.swift */,
				2BE27F0F215C8378005387A4 /* DetailCTableViewCell.xib */,
			);
			path = DetailCell;
			sourceTree = "<group>";
		};
		2B8643592162160D00D39812 /* Extension */ = {
			isa = PBXGroup;
			children = (
				2B86435C2162252900D39812 /* UIKit+Effect.swift */,
			);
			path = Extension;
			sourceTree = "<group>";
		};
		2BD77FE12174717300C378F7 /* User */ = {
			isa = PBXGroup;
			children = (
				2BD77FDF2174716300C378F7 /* UserViewController.swift */,
			);
			path = User;
			sourceTree = "<group>";
		};
		2BE27EEE215B76B9005387A4 /* Like */ = {
			isa = PBXGroup;
			children = (
				2BE27EEF215B788C005387A4 /* LikeViewController.swift */,
				2BE27EF7215BAC5A005387A4 /* LikeDetailViewController.swift */,
			);
			path = Like;
			sourceTree = "<group>";
		};
		2BE27EFD215BC1F0005387A4 /* Profile */ = {
			isa = PBXGroup;
			children = (
				2BE27EFE215BC93F005387A4 /* ProfileViewController.swift */,
			);
			path = Profile;
			sourceTree = "<group>";
		};
		2BE27F12215C837E005387A4 /* Detail */ = {
			isa = PBXGroup;
			children = (
				2BE27F04215C8339005387A4 /* DetailViewController.swift */,
			);
			path = Detail;
			sourceTree = "<group>";
		};
		59487238377968153652FD2E /* Frameworks */ = {
			isa = PBXGroup;
			children = (
				2B5699CC2154C04900D122B4 /* iOSDropDown.framework */,
				46B4ADAFBD9FBB343B63DBD6 /* Pods_LOTs.framework */,
			);
			name = Frameworks;
			sourceTree = "<group>";
		};
		907F05821587F63CE758B152 /* Pods */ = {
			isa = PBXGroup;
			children = (
				2DE5A7C64ED39736B7C8ECA7 /* Pods-LOTs.debug.xcconfig */,
				0E6689D9CC16FEA2CE4B93B0 /* Pods-LOTs.release.xcconfig */,
			);
			name = Pods;
			sourceTree = "<group>";
		};
/* End PBXGroup section */

/* Begin PBXNativeTarget section */
		2B8303632151EEE8006E2522 /* LOTs */ = {
			isa = PBXNativeTarget;
			buildConfigurationList = 2B8303762151EEEB006E2522 /* Build configuration list for PBXNativeTarget "LOTs" */;
			buildPhases = (
				DAE3C0D0C273229A8602D0AC /* [CP] Check Pods Manifest.lock */,
				2B8303602151EEE8006E2522 /* Sources */,
				2B8303612151EEE8006E2522 /* Frameworks */,
				2B8303622151EEE8006E2522 /* Resources */,
				B04E04A07F211AA6A6297468 /* [CP] Embed Pods Frameworks */,
				2B2AF6A6217089E2002A2748 /* ShellScript */,
			);
			buildRules = (
			);
			dependencies = (
			);
			name = LOTs;
			productName = LOTs;
			productReference = 2B8303642151EEE8006E2522 /* LOTs.app */;
			productType = "com.apple.product-type.application";
		};
/* End PBXNativeTarget section */

/* Begin PBXProject section */
		2B83035C2151EEE8006E2522 /* Project object */ = {
			isa = PBXProject;
			attributes = {
				LastSwiftUpdateCheck = 1000;
				LastUpgradeCheck = 1000;
				ORGANIZATIONNAME = Nia;
				TargetAttributes = {
					2B8303632151EEE8006E2522 = {
						CreatedOnToolsVersion = 10.0;
					};
				};
			};
			buildConfigurationList = 2B83035F2151EEE8006E2522 /* Build configuration list for PBXProject "LOTs" */;
			compatibilityVersion = "Xcode 9.3";
			developmentRegion = en;
			hasScannedForEncodings = 0;
			knownRegions = (
				en,
				Base,
			);
			mainGroup = 2B83035B2151EEE8006E2522;
			productRefGroup = 2B8303652151EEE8006E2522 /* Products */;
			projectDirPath = "";
			projectRoot = "";
			targets = (
				2B8303632151EEE8006E2522 /* LOTs */,
			);
		};
/* End PBXProject section */

/* Begin PBXResourcesBuildPhase section */
		2B8303622151EEE8006E2522 /* Resources */ = {
			isa = PBXResourcesBuildPhase;
			buildActionMask = 2147483647;
			files = (
				2B8303722151EEEA006E2522 /* LaunchScreen.storyboard in Resources */,
				2BE27F03215BD475005387A4 /* ProfileCollectionViewCell.xib in Resources */,
				2BDD665D2155079700E3C74A /* GoogleService-Info.plist in Resources */,
				2B2AF6A8217092B0002A2748 /* profile.json in Resources */,
				2B2AF6AC2170C4A7002A2748 /* user.json in Resources */,
				2B2AF6AA2170950C002A2748 /* list.json in Resources */,
				2B42E716215CDF3500BB0F86 /* TypeCollectionViewCell.xib in Resources */,
				2B2AF69B21704E0A002A2748 /* loading_2.json in Resources */,
				2BE27F11215C8378005387A4 /* DetailCTableViewCell.xib in Resources */,
				2BE27F09215C8357005387A4 /* DetailATableViewCell.xib in Resources */,
				2BE27EF6215B9B87005387A4 /* LikeDetailTableViewCell.xib in Resources */,
				2BE27EED215B76B3005387A4 /* LikeCollectionViewCell.xib in Resources */,
				2B2AF6A521707DAF002A2748 /* lunch_time.json in Resources */,
				2BF8957A21539A5D0096C7EC /* ContentTableViewCell.xib in Resources */,
				2B02B9192153485B004FC66E /* PostTableViewCell.xib in Resources */,
				2B83036F2151EEEA006E2522 /* Assets.xcassets in Resources */,
				2BE27F0D215C8369005387A4 /* DetailBTableViewCell.xib in Resources */,
				2B83036D2151EEE8006E2522 /* Main.storyboard in Resources */,
				2BE27EFC215BC1EB005387A4 /* ProfileTableViewCell.xib in Resources */,
			);
			runOnlyForDeploymentPostprocessing = 0;
		};
/* End PBXResourcesBuildPhase section */

/* Begin PBXShellScriptBuildPhase section */
		2B2AF6A6217089E2002A2748 /* ShellScript */ = {
			isa = PBXShellScriptBuildPhase;
			buildActionMask = 2147483647;
			files = (
			);
			inputFileListPaths = (
			);
			inputPaths = (
				"$(BUILT_PRODUCTS_DIR)/$(INFOPLIST_PATH)",
			);
			outputFileListPaths = (
			);
			outputPaths = (
			);
			runOnlyForDeploymentPostprocessing = 0;
			shellPath = /bin/sh;
			shellScript = "\"${PODS_ROOT}/Fabric/run\" 0b67512db0b146d42f59aa872851c57309a83da7 935b4236c90576321d9c1cba824a4058bb561ccd0d8f850d9726706735d01712\n";
		};
		B04E04A07F211AA6A6297468 /* [CP] Embed Pods Frameworks */ = {
			isa = PBXShellScriptBuildPhase;
			buildActionMask = 2147483647;
			files = (
			);
			inputPaths = (
				"${SRCROOT}/Pods/Target Support Files/Pods-LOTs/Pods-LOTs-frameworks.sh",
				"${BUILT_PRODUCTS_DIR}/Bolts/Bolts.framework",
				"${BUILT_PRODUCTS_DIR}/DatePickerDialog/DatePickerDialog.framework",
				"${BUILT_PRODUCTS_DIR}/FBSDKCoreKit/FBSDKCoreKit.framework",
				"${BUILT_PRODUCTS_DIR}/FBSDKLoginKit/FBSDKLoginKit.framework",
				"${BUILT_PRODUCTS_DIR}/GTMSessionFetcher/GTMSessionFetcher.framework",
				"${BUILT_PRODUCTS_DIR}/GoogleUtilities/GoogleUtilities.framework",
				"${BUILT_PRODUCTS_DIR}/IQKeyboardManagerSwift/IQKeyboardManagerSwift.framework",
				"${BUILT_PRODUCTS_DIR}/KeychainSwift/KeychainSwift.framework",
				"${BUILT_PRODUCTS_DIR}/Kingfisher/Kingfisher.framework",
				"${BUILT_PRODUCTS_DIR}/McPicker/McPicker.framework",
				"${BUILT_PRODUCTS_DIR}/iOSDropDown/iOSDropDown.framework",
				"${BUILT_PRODUCTS_DIR}/leveldb-library/leveldb.framework",
				"${BUILT_PRODUCTS_DIR}/lottie-ios/Lottie.framework",
				"${BUILT_PRODUCTS_DIR}/nanopb/nanopb.framework",
			);
			name = "[CP] Embed Pods Frameworks";
			outputPaths = (
				"${TARGET_BUILD_DIR}/${FRAMEWORKS_FOLDER_PATH}/Bolts.framework",
				"${TARGET_BUILD_DIR}/${FRAMEWORKS_FOLDER_PATH}/DatePickerDialog.framework",
				"${TARGET_BUILD_DIR}/${FRAMEWORKS_FOLDER_PATH}/FBSDKCoreKit.framework",
				"${TARGET_BUILD_DIR}/${FRAMEWORKS_FOLDER_PATH}/FBSDKLoginKit.framework",
				"${TARGET_BUILD_DIR}/${FRAMEWORKS_FOLDER_PATH}/GTMSessionFetcher.framework",
				"${TARGET_BUILD_DIR}/${FRAMEWORKS_FOLDER_PATH}/GoogleUtilities.framework",
				"${TARGET_BUILD_DIR}/${FRAMEWORKS_FOLDER_PATH}/IQKeyboardManagerSwift.framework",
				"${TARGET_BUILD_DIR}/${FRAMEWORKS_FOLDER_PATH}/KeychainSwift.framework",
				"${TARGET_BUILD_DIR}/${FRAMEWORKS_FOLDER_PATH}/Kingfisher.framework",
				"${TARGET_BUILD_DIR}/${FRAMEWORKS_FOLDER_PATH}/McPicker.framework",
				"${TARGET_BUILD_DIR}/${FRAMEWORKS_FOLDER_PATH}/iOSDropDown.framework",
				"${TARGET_BUILD_DIR}/${FRAMEWORKS_FOLDER_PATH}/leveldb.framework",
				"${TARGET_BUILD_DIR}/${FRAMEWORKS_FOLDER_PATH}/Lottie.framework",
				"${TARGET_BUILD_DIR}/${FRAMEWORKS_FOLDER_PATH}/nanopb.framework",
			);
			runOnlyForDeploymentPostprocessing = 0;
			shellPath = /bin/sh;
			shellScript = "\"${SRCROOT}/Pods/Target Support Files/Pods-LOTs/Pods-LOTs-frameworks.sh\"\n";
			showEnvVarsInLog = 0;
		};
		DAE3C0D0C273229A8602D0AC /* [CP] Check Pods Manifest.lock */ = {
			isa = PBXShellScriptBuildPhase;
			buildActionMask = 2147483647;
			files = (
			);
			inputPaths = (
				"${PODS_PODFILE_DIR_PATH}/Podfile.lock",
				"${PODS_ROOT}/Manifest.lock",
			);
			name = "[CP] Check Pods Manifest.lock";
			outputPaths = (
				"$(DERIVED_FILE_DIR)/Pods-LOTs-checkManifestLockResult.txt",
			);
			runOnlyForDeploymentPostprocessing = 0;
			shellPath = /bin/sh;
			shellScript = "diff \"${PODS_PODFILE_DIR_PATH}/Podfile.lock\" \"${PODS_ROOT}/Manifest.lock\" > /dev/null\nif [ $? != 0 ] ; then\n    # print error to STDERR\n    echo \"error: The sandbox is not in sync with the Podfile.lock. Run 'pod install' or update your CocoaPods installation.\" >&2\n    exit 1\nfi\n# This output is used by Xcode 'outputs' to avoid re-running this script phase.\necho \"SUCCESS\" > \"${SCRIPT_OUTPUT_FILE_0}\"\n";
			showEnvVarsInLog = 0;
		};
/* End PBXShellScriptBuildPhase section */

/* Begin PBXSourcesBuildPhase section */
		2B8303602151EEE8006E2522 /* Sources */ = {
			isa = PBXSourcesBuildPhase;
			buildActionMask = 2147483647;
			files = (
				2B42E718215E4CAB00BB0F86 /* InspireCollectionViewLayout.swift in Sources */,
				2B02B91421534202004FC66E /* PostViewController.swift in Sources */,
				2B83037A2151F298006E2522 /* NavigationController.swift in Sources */,
				2BE27EFB215BC1EB005387A4 /* ProfileTableViewCell.swift in Sources */,
				2BE27EF5215B9B87005387A4 /* LikeDetailTableViewCell.swift in Sources */,
				2BDD665F2155173400E3C74A /* Article.swift in Sources */,
				2B42E715215CDF3500BB0F86 /* TypeCollectionViewCell.swift in Sources */,
				2BBFA63C216310B500A31D58 /* Category.swift in Sources */,
				2BE27F10215C8378005387A4 /* DetailCTableViewCell.swift in Sources */,
				2BE27F05215C8339005387A4 /* DetailViewController.swift in Sources */,
				2BF8957921539A5D0096C7EC /* ContentTableViewCell.swift in Sources */,
				2B02B91121533F46004FC66E /* LOTsColor.swift in Sources */,
				2B8303682151EEE8006E2522 /* AppDelegate.swift in Sources */,
				2BE27EFF215BC93F005387A4 /* ProfileViewController.swift in Sources */,
				2BE27EEC215B76B3005387A4 /* LikeCollectionViewCell.swift in Sources */,
				2B191DA5215644BA006A2AC1 /* PostViewController+handler.swift in Sources */,
				2B83038721524275006E2522 /* MainLayout.swift in Sources */,
				2B86435D2162252900D39812 /* UIKit+Effect.swift in Sources */,
				2B42E712215CDCF500BB0F86 /* InspireViewController copy.swift in Sources */,
				2BD77FE02174716400C378F7 /* UserViewController.swift in Sources */,
				2BE27F0C215C8369005387A4 /* DetailBTableViewCell.swift in Sources */,
				2BE27EF8215BAC5A005387A4 /* LikeDetailViewController.swift in Sources */,
				2BE27F02215BD475005387A4 /* ProfileCollectionViewCell.swift in Sources */,
				2BE27F08215C8357005387A4 /* DetailATableViewCell.swift in Sources */,
				2B02B9182153485B004FC66E /* PostTableViewCell.swift in Sources */,
				2B8303852152295F006E2522 /* MainCell.swift in Sources */,
				2B191DA7215A36F9006A2AC1 /* LoginViewController.swift in Sources */,
				2B83037C2152024D006E2522 /* MainViewController.swift in Sources */,
				2BE27EF0215B788C005387A4 /* LikeViewController.swift in Sources */,
			);
			runOnlyForDeploymentPostprocessing = 0;
		};
/* End PBXSourcesBuildPhase section */

/* Begin PBXVariantGroup section */
		2B83036B2151EEE8006E2522 /* Main.storyboard */ = {
			isa = PBXVariantGroup;
			children = (
				2B83036C2151EEE8006E2522 /* Base */,
			);
			name = Main.storyboard;
			sourceTree = "<group>";
		};
		2B8303702151EEEA006E2522 /* LaunchScreen.storyboard */ = {
			isa = PBXVariantGroup;
			children = (
				2B8303712151EEEA006E2522 /* Base */,
			);
			name = LaunchScreen.storyboard;
			sourceTree = "<group>";
		};
/* End PBXVariantGroup section */

/* Begin XCBuildConfiguration section */
		2B8303742151EEEB006E2522 /* Debug */ = {
			isa = XCBuildConfiguration;
			buildSettings = {
				ALWAYS_SEARCH_USER_PATHS = NO;
				CLANG_ANALYZER_NONNULL = YES;
				CLANG_ANALYZER_NUMBER_OBJECT_CONVERSION = YES_AGGRESSIVE;
				CLANG_CXX_LANGUAGE_STANDARD = "gnu++14";
				CLANG_CXX_LIBRARY = "libc++";
				CLANG_ENABLE_MODULES = YES;
				CLANG_ENABLE_OBJC_ARC = YES;
				CLANG_ENABLE_OBJC_WEAK = YES;
				CLANG_WARN_BLOCK_CAPTURE_AUTORELEASING = YES;
				CLANG_WARN_BOOL_CONVERSION = YES;
				CLANG_WARN_COMMA = YES;
				CLANG_WARN_CONSTANT_CONVERSION = YES;
				CLANG_WARN_DEPRECATED_OBJC_IMPLEMENTATIONS = YES;
				CLANG_WARN_DIRECT_OBJC_ISA_USAGE = YES_ERROR;
				CLANG_WARN_DOCUMENTATION_COMMENTS = YES;
				CLANG_WARN_EMPTY_BODY = YES;
				CLANG_WARN_ENUM_CONVERSION = YES;
				CLANG_WARN_INFINITE_RECURSION = YES;
				CLANG_WARN_INT_CONVERSION = YES;
				CLANG_WARN_NON_LITERAL_NULL_CONVERSION = YES;
				CLANG_WARN_OBJC_IMPLICIT_RETAIN_SELF = YES;
				CLANG_WARN_OBJC_LITERAL_CONVERSION = YES;
				CLANG_WARN_OBJC_ROOT_CLASS = YES_ERROR;
				CLANG_WARN_RANGE_LOOP_ANALYSIS = YES;
				CLANG_WARN_STRICT_PROTOTYPES = YES;
				CLANG_WARN_SUSPICIOUS_MOVE = YES;
				CLANG_WARN_UNGUARDED_AVAILABILITY = YES_AGGRESSIVE;
				CLANG_WARN_UNREACHABLE_CODE = YES;
				CLANG_WARN__DUPLICATE_METHOD_MATCH = YES;
				CODE_SIGN_IDENTITY = "iPhone Developer";
				COPY_PHASE_STRIP = NO;
				DEBUG_INFORMATION_FORMAT = dwarf;
				ENABLE_STRICT_OBJC_MSGSEND = YES;
				ENABLE_TESTABILITY = YES;
				GCC_C_LANGUAGE_STANDARD = gnu11;
				GCC_DYNAMIC_NO_PIC = NO;
				GCC_NO_COMMON_BLOCKS = YES;
				GCC_OPTIMIZATION_LEVEL = 0;
				GCC_PREPROCESSOR_DEFINITIONS = (
					"DEBUG=1",
					"$(inherited)",
				);
				GCC_WARN_64_TO_32_BIT_CONVERSION = YES;
				GCC_WARN_ABOUT_RETURN_TYPE = YES_ERROR;
				GCC_WARN_UNDECLARED_SELECTOR = YES;
				GCC_WARN_UNINITIALIZED_AUTOS = YES_AGGRESSIVE;
				GCC_WARN_UNUSED_FUNCTION = YES;
				GCC_WARN_UNUSED_VARIABLE = YES;
				IPHONEOS_DEPLOYMENT_TARGET = 11.4;
				MTL_ENABLE_DEBUG_INFO = INCLUDE_SOURCE;
				MTL_FAST_MATH = YES;
				ONLY_ACTIVE_ARCH = YES;
				SDKROOT = iphoneos;
				SWIFT_ACTIVE_COMPILATION_CONDITIONS = DEBUG;
				SWIFT_OPTIMIZATION_LEVEL = "-Onone";
			};
			name = Debug;
		};
		2B8303752151EEEB006E2522 /* Release */ = {
			isa = XCBuildConfiguration;
			buildSettings = {
				ALWAYS_SEARCH_USER_PATHS = NO;
				CLANG_ANALYZER_NONNULL = YES;
				CLANG_ANALYZER_NUMBER_OBJECT_CONVERSION = YES_AGGRESSIVE;
				CLANG_CXX_LANGUAGE_STANDARD = "gnu++14";
				CLANG_CXX_LIBRARY = "libc++";
				CLANG_ENABLE_MODULES = YES;
				CLANG_ENABLE_OBJC_ARC = YES;
				CLANG_ENABLE_OBJC_WEAK = YES;
				CLANG_WARN_BLOCK_CAPTURE_AUTORELEASING = YES;
				CLANG_WARN_BOOL_CONVERSION = YES;
				CLANG_WARN_COMMA = YES;
				CLANG_WARN_CONSTANT_CONVERSION = YES;
				CLANG_WARN_DEPRECATED_OBJC_IMPLEMENTATIONS = YES;
				CLANG_WARN_DIRECT_OBJC_ISA_USAGE = YES_ERROR;
				CLANG_WARN_DOCUMENTATION_COMMENTS = YES;
				CLANG_WARN_EMPTY_BODY = YES;
				CLANG_WARN_ENUM_CONVERSION = YES;
				CLANG_WARN_INFINITE_RECURSION = YES;
				CLANG_WARN_INT_CONVERSION = YES;
				CLANG_WARN_NON_LITERAL_NULL_CONVERSION = YES;
				CLANG_WARN_OBJC_IMPLICIT_RETAIN_SELF = YES;
				CLANG_WARN_OBJC_LITERAL_CONVERSION = YES;
				CLANG_WARN_OBJC_ROOT_CLASS = YES_ERROR;
				CLANG_WARN_RANGE_LOOP_ANALYSIS = YES;
				CLANG_WARN_STRICT_PROTOTYPES = YES;
				CLANG_WARN_SUSPICIOUS_MOVE = YES;
				CLANG_WARN_UNGUARDED_AVAILABILITY = YES_AGGRESSIVE;
				CLANG_WARN_UNREACHABLE_CODE = YES;
				CLANG_WARN__DUPLICATE_METHOD_MATCH = YES;
				CODE_SIGN_IDENTITY = "iPhone Developer";
				COPY_PHASE_STRIP = NO;
				DEBUG_INFORMATION_FORMAT = "dwarf-with-dsym";
				ENABLE_NS_ASSERTIONS = NO;
				ENABLE_STRICT_OBJC_MSGSEND = YES;
				GCC_C_LANGUAGE_STANDARD = gnu11;
				GCC_NO_COMMON_BLOCKS = YES;
				GCC_WARN_64_TO_32_BIT_CONVERSION = YES;
				GCC_WARN_ABOUT_RETURN_TYPE = YES_ERROR;
				GCC_WARN_UNDECLARED_SELECTOR = YES;
				GCC_WARN_UNINITIALIZED_AUTOS = YES_AGGRESSIVE;
				GCC_WARN_UNUSED_FUNCTION = YES;
				GCC_WARN_UNUSED_VARIABLE = YES;
				IPHONEOS_DEPLOYMENT_TARGET = 11.4;
				MTL_ENABLE_DEBUG_INFO = NO;
				MTL_FAST_MATH = YES;
				SDKROOT = iphoneos;
				SWIFT_COMPILATION_MODE = wholemodule;
				SWIFT_OPTIMIZATION_LEVEL = "-O";
				VALIDATE_PRODUCT = YES;
			};
			name = Release;
		};
		2B8303772151EEEB006E2522 /* Debug */ = {
			isa = XCBuildConfiguration;
			baseConfigurationReference = 2DE5A7C64ED39736B7C8ECA7 /* Pods-LOTs.debug.xcconfig */;
			buildSettings = {
				ASSETCATALOG_COMPILER_APPICON_NAME = AppIcon;
				CODE_SIGN_STYLE = Automatic;
				DEVELOPMENT_TEAM = JKG9QZ9M65;
				INFOPLIST_FILE = LOTs/Info.plist;
				IPHONEOS_DEPLOYMENT_TARGET = 11.4;
				LD_RUNPATH_SEARCH_PATHS = (
					"$(inherited)",
					"@executable_path/Frameworks",
				);
				PRODUCT_BUNDLE_IDENTIFIER = com.niafan.LOTs;
				PRODUCT_NAME = "$(TARGET_NAME)";
				SWIFT_VERSION = 4.2;
				TARGETED_DEVICE_FAMILY = 1;
			};
			name = Debug;
		};
		2B8303782151EEEB006E2522 /* Release */ = {
			isa = XCBuildConfiguration;
			baseConfigurationReference = 0E6689D9CC16FEA2CE4B93B0 /* Pods-LOTs.release.xcconfig */;
			buildSettings = {
				ASSETCATALOG_COMPILER_APPICON_NAME = AppIcon;
				CODE_SIGN_STYLE = Automatic;
				DEVELOPMENT_TEAM = JKG9QZ9M65;
				INFOPLIST_FILE = LOTs/Info.plist;
				IPHONEOS_DEPLOYMENT_TARGET = 11.4;
				LD_RUNPATH_SEARCH_PATHS = (
					"$(inherited)",
					"@executable_path/Frameworks",
				);
				PRODUCT_BUNDLE_IDENTIFIER = com.niafan.LOTs;
				PRODUCT_NAME = "$(TARGET_NAME)";
				SWIFT_VERSION = 4.2;
				TARGETED_DEVICE_FAMILY = 1;
			};
			name = Release;
		};
/* End XCBuildConfiguration section */

/* Begin XCConfigurationList section */
		2B83035F2151EEE8006E2522 /* Build configuration list for PBXProject "LOTs" */ = {
			isa = XCConfigurationList;
			buildConfigurations = (
				2B8303742151EEEB006E2522 /* Debug */,
				2B8303752151EEEB006E2522 /* Release */,
			);
			defaultConfigurationIsVisible = 0;
			defaultConfigurationName = Release;
		};
		2B8303762151EEEB006E2522 /* Build configuration list for PBXNativeTarget "LOTs" */ = {
			isa = XCConfigurationList;
			buildConfigurations = (
				2B8303772151EEEB006E2522 /* Debug */,
				2B8303782151EEEB006E2522 /* Release */,
			);
			defaultConfigurationIsVisible = 0;
			defaultConfigurationName = Release;
		};
/* End XCConfigurationList section */
	};
	rootObject = 2B83035C2151EEE8006E2522 /* Project object */;
}
