// !$*UTF8*$!
{
	archiveVersion = 1;
	classes = {
	};
	objectVersion = 50;
	objects = {

/* Begin PBXBuildFile section */
		2B02B91121533F46004FC66E /* LOTsColor.swift in Sources */ = {isa = PBXBuildFile; fileRef = 2B02B91021533F46004FC66E /* LOTsColor.swift */; };
		2B02B91421534202004FC66E /* PostViewController.swift in Sources */ = {isa = PBXBuildFile; fileRef = 2B02B91321534202004FC66E /* PostViewController.swift */; };
		2B02B9182153485B004FC66E /* PostTableViewCell.swift in Sources */ = {isa = PBXBuildFile; fileRef = 2B02B9162153485B004FC66E /* PostTableViewCell.swift */; };
		2B02B9192153485B004FC66E /* PostTableViewCell.xib in Resources */ = {isa = PBXBuildFile; fileRef = 2B02B9172153485B004FC66E /* PostTableViewCell.xib */; };
		2B8303682151EEE8006E2522 /* AppDelegate.swift in Sources */ = {isa = PBXBuildFile; fileRef = 2B8303672151EEE8006E2522 /* AppDelegate.swift */; };
		2B83036A2151EEE8006E2522 /* ViewController.swift in Sources */ = {isa = PBXBuildFile; fileRef = 2B8303692151EEE8006E2522 /* ViewController.swift */; };
		2B83036D2151EEE8006E2522 /* Main.storyboard in Resources */ = {isa = PBXBuildFile; fileRef = 2B83036B2151EEE8006E2522 /* Main.storyboard */; };
		2B83036F2151EEEA006E2522 /* Assets.xcassets in Resources */ = {isa = PBXBuildFile; fileRef = 2B83036E2151EEEA006E2522 /* Assets.xcassets */; };
		2B8303722151EEEA006E2522 /* LaunchScreen.storyboard in Resources */ = {isa = PBXBuildFile; fileRef = 2B8303702151EEEA006E2522 /* LaunchScreen.storyboard */; };
		2B83037A2151F298006E2522 /* NavigationController.swift in Sources */ = {isa = PBXBuildFile; fileRef = 2B8303792151F298006E2522 /* NavigationController.swift */; };
		2B83037C2152024D006E2522 /* MainViewController.swift in Sources */ = {isa = PBXBuildFile; fileRef = 2B83037B2152024D006E2522 /* MainViewController.swift */; };
		2B83037E21521A74006E2522 /* Food.xcassets in Resources */ = {isa = PBXBuildFile; fileRef = 2B83037D21521A74006E2522 /* Food.xcassets */; };
		2B83038121521C7A006E2522 /* Food.plist in Resources */ = {isa = PBXBuildFile; fileRef = 2B83038021521C7A006E2522 /* Food.plist */; };
		2B83038321521D41006E2522 /* Food.swift in Sources */ = {isa = PBXBuildFile; fileRef = 2B83038221521D41006E2522 /* Food.swift */; };
		2B8303852152295F006E2522 /* MainFoodCell.swift in Sources */ = {isa = PBXBuildFile; fileRef = 2B8303842152295F006E2522 /* MainFoodCell.swift */; };
		2B83038721524275006E2522 /* Layout.swift in Sources */ = {isa = PBXBuildFile; fileRef = 2B83038621524275006E2522 /* Layout.swift */; };
/* End PBXBuildFile section */

/* Begin PBXFileReference section */
		2B02B91021533F46004FC66E /* LOTsColor.swift */ = {isa = PBXFileReference; lastKnownFileType = sourcecode.swift; path = LOTsColor.swift; sourceTree = "<group>"; };
		2B02B91321534202004FC66E /* PostViewController.swift */ = {isa = PBXFileReference; lastKnownFileType = sourcecode.swift; path = PostViewController.swift; sourceTree = "<group>"; };
		2B02B9162153485B004FC66E /* PostTableViewCell.swift */ = {isa = PBXFileReference; lastKnownFileType = sourcecode.swift; path = PostTableViewCell.swift; sourceTree = "<group>"; };
		2B02B9172153485B004FC66E /* PostTableViewCell.xib */ = {isa = PBXFileReference; lastKnownFileType = file.xib; path = PostTableViewCell.xib; sourceTree = "<group>"; };
		2B8303642151EEE8006E2522 /* LOTs.app */ = {isa = PBXFileReference; explicitFileType = wrapper.application; includeInIndex = 0; path = LOTs.app; sourceTree = BUILT_PRODUCTS_DIR; };
		2B8303672151EEE8006E2522 /* AppDelegate.swift */ = {isa = PBXFileReference; lastKnownFileType = sourcecode.swift; path = AppDelegate.swift; sourceTree = "<group>"; };
		2B8303692151EEE8006E2522 /* ViewController.swift */ = {isa = PBXFileReference; lastKnownFileType = sourcecode.swift; path = ViewController.swift; sourceTree = "<group>"; };
		2B83036C2151EEE8006E2522 /* Base */ = {isa = PBXFileReference; lastKnownFileType = file.storyboard; name = Base; path = Base.lproj/Main.storyboard; sourceTree = "<group>"; };
		2B83036E2151EEEA006E2522 /* Assets.xcassets */ = {isa = PBXFileReference; lastKnownFileType = folder.assetcatalog; path = Assets.xcassets; sourceTree = "<group>"; };
		2B8303712151EEEA006E2522 /* Base */ = {isa = PBXFileReference; lastKnownFileType = file.storyboard; name = Base; path = Base.lproj/LaunchScreen.storyboard; sourceTree = "<group>"; };
		2B8303732151EEEA006E2522 /* Info.plist */ = {isa = PBXFileReference; lastKnownFileType = text.plist.xml; path = Info.plist; sourceTree = "<group>"; };
		2B8303792151F298006E2522 /* NavigationController.swift */ = {isa = PBXFileReference; lastKnownFileType = sourcecode.swift; path = NavigationController.swift; sourceTree = "<group>"; };
		2B83037B2152024D006E2522 /* MainViewController.swift */ = {isa = PBXFileReference; lastKnownFileType = sourcecode.swift; path = MainViewController.swift; sourceTree = "<group>"; };
		2B83037D21521A74006E2522 /* Food.xcassets */ = {isa = PBXFileReference; lastKnownFileType = folder.assetcatalog; path = Food.xcassets; sourceTree = "<group>"; };
		2B83038021521C7A006E2522 /* Food.plist */ = {isa = PBXFileReference; lastKnownFileType = text.plist.xml; path = Food.plist; sourceTree = "<group>"; };
		2B83038221521D41006E2522 /* Food.swift */ = {isa = PBXFileReference; lastKnownFileType = sourcecode.swift; path = Food.swift; sourceTree = "<group>"; };
		2B8303842152295F006E2522 /* MainFoodCell.swift */ = {isa = PBXFileReference; lastKnownFileType = sourcecode.swift; path = MainFoodCell.swift; sourceTree = "<group>"; };
		2B83038621524275006E2522 /* Layout.swift */ = {isa = PBXFileReference; lastKnownFileType = sourcecode.swift; path = Layout.swift; sourceTree = "<group>"; };
/* End PBXFileReference section */

/* Begin PBXFrameworksBuildPhase section */
		2B8303612151EEE8006E2522 /* Frameworks */ = {
			isa = PBXFrameworksBuildPhase;
			buildActionMask = 2147483647;
			files = (
			);
			runOnlyForDeploymentPostprocessing = 0;
		};
/* End PBXFrameworksBuildPhase section */

/* Begin PBXGroup section */
		2B02B91221533FD0004FC66E /* Support */ = {
			isa = PBXGroup;
			children = (
				2B02B91021533F46004FC66E /* LOTsColor.swift */,
			);
			path = Support;
			sourceTree = "<group>";
		};
		2B02B9152153420B004FC66E /* Post */ = {
			isa = PBXGroup;
			children = (
				2B02B91321534202004FC66E /* PostViewController.swift */,
				2B02B9162153485B004FC66E /* PostTableViewCell.swift */,
				2B02B9172153485B004FC66E /* PostTableViewCell.xib */,
			);
			path = Post;
			sourceTree = "<group>";
		};
		2B83035B2151EEE8006E2522 = {
			isa = PBXGroup;
			children = (
				2B8303662151EEE8006E2522 /* LOTs */,
				2B8303652151EEE8006E2522 /* Products */,
			);
			sourceTree = "<group>";
		};
		2B8303652151EEE8006E2522 /* Products */ = {
			isa = PBXGroup;
			children = (
				2B8303642151EEE8006E2522 /* LOTs.app */,
			);
			name = Products;
			sourceTree = "<group>";
		};
		2B8303662151EEE8006E2522 /* LOTs */ = {
			isa = PBXGroup;
			children = (
				2B8303672151EEE8006E2522 /* AppDelegate.swift */,
				2B8303792151F298006E2522 /* NavigationController.swift */,
				2B83036B2151EEE8006E2522 /* Main.storyboard */,
				2B02B9152153420B004FC66E /* Post */,
				2B83037F21521C51006E2522 /* Main */,
				2B02B91221533FD0004FC66E /* Support */,
				2B8303692151EEE8006E2522 /* ViewController.swift */,
				2B83036E2151EEEA006E2522 /* Assets.xcassets */,
				2B8303702151EEEA006E2522 /* LaunchScreen.storyboard */,
				2B8303732151EEEA006E2522 /* Info.plist */,
			);
			path = LOTs;
			sourceTree = "<group>";
		};
		2B83037F21521C51006E2522 /* Main */ = {
			isa = PBXGroup;
			children = (
				2B83038621524275006E2522 /* Layout.swift */,
				2B83038221521D41006E2522 /* Food.swift */,
				2B8303842152295F006E2522 /* MainFoodCell.swift */,
				2B83037B2152024D006E2522 /* MainViewController.swift */,
				2B83038021521C7A006E2522 /* Food.plist */,
				2B83037D21521A74006E2522 /* Food.xcassets */,
			);
			path = Main;
			sourceTree = "<group>";
		};
/* End PBXGroup section */

/* Begin PBXNativeTarget section */
		2B8303632151EEE8006E2522 /* LOTs */ = {
			isa = PBXNativeTarget;
			buildConfigurationList = 2B8303762151EEEB006E2522 /* Build configuration list for PBXNativeTarget "LOTs" */;
			buildPhases = (
				2B8303602151EEE8006E2522 /* Sources */,
				2B8303612151EEE8006E2522 /* Frameworks */,
				2B8303622151EEE8006E2522 /* Resources */,
			);
			buildRules = (
			);
			dependencies = (
			);
			name = LOTs;
			productName = LOTs;
			productReference = 2B8303642151EEE8006E2522 /* LOTs.app */;
			productType = "com.apple.product-type.application";
		};
/* End PBXNativeTarget section */

/* Begin PBXProject section */
		2B83035C2151EEE8006E2522 /* Project object */ = {
			isa = PBXProject;
			attributes = {
				LastSwiftUpdateCheck = 1000;
				LastUpgradeCheck = 1000;
				ORGANIZATIONNAME = Nia;
				TargetAttributes = {
					2B8303632151EEE8006E2522 = {
						CreatedOnToolsVersion = 10.0;
					};
				};
			};
			buildConfigurationList = 2B83035F2151EEE8006E2522 /* Build configuration list for PBXProject "LOTs" */;
			compatibilityVersion = "Xcode 9.3";
			developmentRegion = en;
			hasScannedForEncodings = 0;
			knownRegions = (
				en,
				Base,
			);
			mainGroup = 2B83035B2151EEE8006E2522;
			productRefGroup = 2B8303652151EEE8006E2522 /* Products */;
			projectDirPath = "";
			projectRoot = "";
			targets = (
				2B8303632151EEE8006E2522 /* LOTs */,
			);
		};
/* End PBXProject section */

/* Begin PBXResourcesBuildPhase section */
		2B8303622151EEE8006E2522 /* Resources */ = {
			isa = PBXResourcesBuildPhase;
			buildActionMask = 2147483647;
			files = (
				2B8303722151EEEA006E2522 /* LaunchScreen.storyboard in Resources */,
				2B83037E21521A74006E2522 /* Food.xcassets in Resources */,
				2B83038121521C7A006E2522 /* Food.plist in Resources */,
				2B02B9192153485B004FC66E /* PostTableViewCell.xib in Resources */,
				2B83036F2151EEEA006E2522 /* Assets.xcassets in Resources */,
				2B83036D2151EEE8006E2522 /* Main.storyboard in Resources */,
			);
			runOnlyForDeploymentPostprocessing = 0;
		};
/* End PBXResourcesBuildPhase section */

/* Begin PBXSourcesBuildPhase section */
		2B8303602151EEE8006E2522 /* Sources */ = {
			isa = PBXSourcesBuildPhase;
			buildActionMask = 2147483647;
			files = (
				2B02B91421534202004FC66E /* PostViewController.swift in Sources */,
				2B83036A2151EEE8006E2522 /* ViewController.swift in Sources */,
				2B83037A2151F298006E2522 /* NavigationController.swift in Sources */,
				2B83038321521D41006E2522 /* Food.swift in Sources */,
				2B02B91121533F46004FC66E /* LOTsColor.swift in Sources */,
				2B8303682151EEE8006E2522 /* AppDelegate.swift in Sources */,
				2B83038721524275006E2522 /* Layout.swift in Sources */,
				2B02B9182153485B004FC66E /* PostTableViewCell.swift in Sources */,
				2B8303852152295F006E2522 /* MainFoodCell.swift in Sources */,
				2B83037C2152024D006E2522 /* MainViewController.swift in Sources */,
			);
			runOnlyForDeploymentPostprocessing = 0;
		};
/* End PBXSourcesBuildPhase section */

/* Begin PBXVariantGroup section */
		2B83036B2151EEE8006E2522 /* Main.storyboard */ = {
			isa = PBXVariantGroup;
			children = (
				2B83036C2151EEE8006E2522 /* Base */,
			);
			name = Main.storyboard;
			sourceTree = "<group>";
		};
		2B8303702151EEEA006E2522 /* LaunchScreen.storyboard */ = {
			isa = PBXVariantGroup;
			children = (
				2B8303712151EEEA006E2522 /* Base */,
			);
			name = LaunchScreen.storyboard;
			sourceTree = "<group>";
		};
/* End PBXVariantGroup section */

/* Begin XCBuildConfiguration section */
		2B8303742151EEEB006E2522 /* Debug */ = {
			isa = XCBuildConfiguration;
			buildSettings = {
				ALWAYS_SEARCH_USER_PATHS = NO;
				CLANG_ANALYZER_NONNULL = YES;
				CLANG_ANALYZER_NUMBER_OBJECT_CONVERSION = YES_AGGRESSIVE;
				CLANG_CXX_LANGUAGE_STANDARD = "gnu++14";
				CLANG_CXX_LIBRARY = "libc++";
				CLANG_ENABLE_MODULES = YES;
				CLANG_ENABLE_OBJC_ARC = YES;
				CLANG_ENABLE_OBJC_WEAK = YES;
				CLANG_WARN_BLOCK_CAPTURE_AUTORELEASING = YES;
				CLANG_WARN_BOOL_CONVERSION = YES;
				CLANG_WARN_COMMA = YES;
				CLANG_WARN_CONSTANT_CONVERSION = YES;
				CLANG_WARN_DEPRECATED_OBJC_IMPLEMENTATIONS = YES;
				CLANG_WARN_DIRECT_OBJC_ISA_USAGE = YES_ERROR;
				CLANG_WARN_DOCUMENTATION_COMMENTS = YES;
				CLANG_WARN_EMPTY_BODY = YES;
				CLANG_WARN_ENUM_CONVERSION = YES;
				CLANG_WARN_INFINITE_RECURSION = YES;
				CLANG_WARN_INT_CONVERSION = YES;
				CLANG_WARN_NON_LITERAL_NULL_CONVERSION = YES;
				CLANG_WARN_OBJC_IMPLICIT_RETAIN_SELF = YES;
				CLANG_WARN_OBJC_LITERAL_CONVERSION = YES;
				CLANG_WARN_OBJC_ROOT_CLASS = YES_ERROR;
				CLANG_WARN_RANGE_LOOP_ANALYSIS = YES;
				CLANG_WARN_STRICT_PROTOTYPES = YES;
				CLANG_WARN_SUSPICIOUS_MOVE = YES;
				CLANG_WARN_UNGUARDED_AVAILABILITY = YES_AGGRESSIVE;
				CLANG_WARN_UNREACHABLE_CODE = YES;
				CLANG_WARN__DUPLICATE_METHOD_MATCH = YES;
				CODE_SIGN_IDENTITY = "iPhone Developer";
				COPY_PHASE_STRIP = NO;
				DEBUG_INFORMATION_FORMAT = dwarf;
				ENABLE_STRICT_OBJC_MSGSEND = YES;
				ENABLE_TESTABILITY = YES;
				GCC_C_LANGUAGE_STANDARD = gnu11;
				GCC_DYNAMIC_NO_PIC = NO;
				GCC_NO_COMMON_BLOCKS = YES;
				GCC_OPTIMIZATION_LEVEL = 0;
				GCC_PREPROCESSOR_DEFINITIONS = (
					"DEBUG=1",
					"$(inherited)",
				);
				GCC_WARN_64_TO_32_BIT_CONVERSION = YES;
				GCC_WARN_ABOUT_RETURN_TYPE = YES_ERROR;
				GCC_WARN_UNDECLARED_SELECTOR = YES;
				GCC_WARN_UNINITIALIZED_AUTOS = YES_AGGRESSIVE;
				GCC_WARN_UNUSED_FUNCTION = YES;
				GCC_WARN_UNUSED_VARIABLE = YES;
				IPHONEOS_DEPLOYMENT_TARGET = 12.0;
				MTL_ENABLE_DEBUG_INFO = INCLUDE_SOURCE;
				MTL_FAST_MATH = YES;
				ONLY_ACTIVE_ARCH = YES;
				SDKROOT = iphoneos;
				SWIFT_ACTIVE_COMPILATION_CONDITIONS = DEBUG;
				SWIFT_OPTIMIZATION_LEVEL = "-Onone";
			};
			name = Debug;
		};
		2B8303752151EEEB006E2522 /* Release */ = {
			isa = XCBuildConfiguration;
			buildSettings = {
				ALWAYS_SEARCH_USER_PATHS = NO;
				CLANG_ANALYZER_NONNULL = YES;
				CLANG_ANALYZER_NUMBER_OBJECT_CONVERSION = YES_AGGRESSIVE;
				CLANG_CXX_LANGUAGE_STANDARD = "gnu++14";
				CLANG_CXX_LIBRARY = "libc++";
				CLANG_ENABLE_MODULES = YES;
				CLANG_ENABLE_OBJC_ARC = YES;
				CLANG_ENABLE_OBJC_WEAK = YES;
				CLANG_WARN_BLOCK_CAPTURE_AUTORELEASING = YES;
				CLANG_WARN_BOOL_CONVERSION = YES;
				CLANG_WARN_COMMA = YES;
				CLANG_WARN_CONSTANT_CONVERSION = YES;
				CLANG_WARN_DEPRECATED_OBJC_IMPLEMENTATIONS = YES;
				CLANG_WARN_DIRECT_OBJC_ISA_USAGE = YES_ERROR;
				CLANG_WARN_DOCUMENTATION_COMMENTS = YES;
				CLANG_WARN_EMPTY_BODY = YES;
				CLANG_WARN_ENUM_CONVERSION = YES;
				CLANG_WARN_INFINITE_RECURSION = YES;
				CLANG_WARN_INT_CONVERSION = YES;
				CLANG_WARN_NON_LITERAL_NULL_CONVERSION = YES;
				CLANG_WARN_OBJC_IMPLICIT_RETAIN_SELF = YES;
				CLANG_WARN_OBJC_LITERAL_CONVERSION = YES;
				CLANG_WARN_OBJC_ROOT_CLASS = YES_ERROR;
				CLANG_WARN_RANGE_LOOP_ANALYSIS = YES;
				CLANG_WARN_STRICT_PROTOTYPES = YES;
				CLANG_WARN_SUSPICIOUS_MOVE = YES;
				CLANG_WARN_UNGUARDED_AVAILABILITY = YES_AGGRESSIVE;
				CLANG_WARN_UNREACHABLE_CODE = YES;
				CLANG_WARN__DUPLICATE_METHOD_MATCH = YES;
				CODE_SIGN_IDENTITY = "iPhone Developer";
				COPY_PHASE_STRIP = NO;
				DEBUG_INFORMATION_FORMAT = "dwarf-with-dsym";
				ENABLE_NS_ASSERTIONS = NO;
				ENABLE_STRICT_OBJC_MSGSEND = YES;
				GCC_C_LANGUAGE_STANDARD = gnu11;
				GCC_NO_COMMON_BLOCKS = YES;
				GCC_WARN_64_TO_32_BIT_CONVERSION = YES;
				GCC_WARN_ABOUT_RETURN_TYPE = YES_ERROR;
				GCC_WARN_UNDECLARED_SELECTOR = YES;
				GCC_WARN_UNINITIALIZED_AUTOS = YES_AGGRESSIVE;
				GCC_WARN_UNUSED_FUNCTION = YES;
				GCC_WARN_UNUSED_VARIABLE = YES;
				IPHONEOS_DEPLOYMENT_TARGET = 12.0;
				MTL_ENABLE_DEBUG_INFO = NO;
				MTL_FAST_MATH = YES;
				SDKROOT = iphoneos;
				SWIFT_COMPILATION_MODE = wholemodule;
				SWIFT_OPTIMIZATION_LEVEL = "-O";
				VALIDATE_PRODUCT = YES;
			};
			name = Release;
		};
		2B8303772151EEEB006E2522 /* Debug */ = {
			isa = XCBuildConfiguration;
			buildSettings = {
				ASSETCATALOG_COMPILER_APPICON_NAME = AppIcon;
				CODE_SIGN_STYLE = Automatic;
				INFOPLIST_FILE = LOTs/Info.plist;
				LD_RUNPATH_SEARCH_PATHS = (
					"$(inherited)",
					"@executable_path/Frameworks",
				);
				PRODUCT_BUNDLE_IDENTIFIER = com.niafan.LOTs;
				PRODUCT_NAME = "$(TARGET_NAME)";
				SWIFT_VERSION = 4.2;
				TARGETED_DEVICE_FAMILY = "1,2";
			};
			name = Debug;
		};
		2B8303782151EEEB006E2522 /* Release */ = {
			isa = XCBuildConfiguration;
			buildSettings = {
				ASSETCATALOG_COMPILER_APPICON_NAME = AppIcon;
				CODE_SIGN_STYLE = Automatic;
				INFOPLIST_FILE = LOTs/Info.plist;
				LD_RUNPATH_SEARCH_PATHS = (
					"$(inherited)",
					"@executable_path/Frameworks",
				);
				PRODUCT_BUNDLE_IDENTIFIER = com.niafan.LOTs;
				PRODUCT_NAME = "$(TARGET_NAME)";
				SWIFT_VERSION = 4.2;
				TARGETED_DEVICE_FAMILY = "1,2";
			};
			name = Release;
		};
/* End XCBuildConfiguration section */

/* Begin XCConfigurationList section */
		2B83035F2151EEE8006E2522 /* Build configuration list for PBXProject "LOTs" */ = {
			isa = XCConfigurationList;
			buildConfigurations = (
				2B8303742151EEEB006E2522 /* Debug */,
				2B8303752151EEEB006E2522 /* Release */,
			);
			defaultConfigurationIsVisible = 0;
			defaultConfigurationName = Release;
		};
		2B8303762151EEEB006E2522 /* Build configuration list for PBXNativeTarget "LOTs" */ = {
			isa = XCConfigurationList;
			buildConfigurations = (
				2B8303772151EEEB006E2522 /* Debug */,
				2B8303782151EEEB006E2522 /* Release */,
			);
			defaultConfigurationIsVisible = 0;
			defaultConfigurationName = Release;
		};
/* End XCConfigurationList section */
	};
	rootObject = 2B83035C2151EEE8006E2522 /* Project object */;
}
